// !$*UTF8*$!
{
	archiveVersion = 1;
	classes = {
	};
	objectVersion = 56;
	objects = {

/* Begin PBXBuildFile section */
		11111111111111111111111 /* YesilAIApp.swift in Sources */ = {isa = PBXBuildFile; fileRef = 21111111111111111111111 /* YesilAIApp.swift */; };
		11111111111111111111112 /* ContentView.swift in Sources */ = {isa = PBXBuildFile; fileRef = 21111111111111111111112 /* ContentView.swift */; };
		11111111111111111111113 /* Assets.xcassets in Resources */ = {isa = PBXBuildFile; fileRef = 21111111111111111111113 /* Assets.xcassets */; };
		11111111111111111111114 /* LoginView.swift in Sources */ = {isa = PBXBuildFile; fileRef = 21111111111111111111114 /* LoginView.swift */; };
		11111111111111111111115 /* RegisterView.swift in Sources */ = {isa = PBXBuildFile; fileRef = 21111111111111111111115 /* RegisterView.swift */; };
		11111111111111111111116 /* MainTabView.swift in Sources */ = {isa = PBXBuildFile; fileRef = 21111111111111111111116 /* MainTabView.swift */; };
		11111111111111111111117 /* ChatView.swift in Sources */ = {isa = PBXBuildFile; fileRef = 21111111111111111111117 /* ChatView.swift */; };
		11111111111111111111118 /* ProfileView.swift in Sources */ = {isa = PBXBuildFile; fileRef = 21111111111111111111118 /* ProfileView.swift */; };
		11111111111111111111119 /* SettingsView.swift in Sources */ = {isa = PBXBuildFile; fileRef = 21111111111111111111119 /* SettingsView.swift */; };
		1111111111111111111111A /* Theme.swift in Sources */ = {isa = PBXBuildFile; fileRef = 2111111111111111111111A /* Theme.swift */; };
		1111111111111111111111B /* ChatMessage.swift in Sources */ = {isa = PBXBuildFile; fileRef = 2111111111111111111111B /* ChatMessage.swift */; };
		1111111111111111111111C /* SessionManager.swift in Sources */ = {isa = PBXBuildFile; fileRef = 2111111111111111111111C /* SessionManager.swift */; };
		1111111111111111111111D /* ChatAPIService.swift in Sources */ = {isa = PBXBuildFile; fileRef = 2111111111111111111111D /* ChatAPIService.swift */; };
		1111111111111111111111E /* ChatViewModel.swift in Sources */ = {isa = PBXBuildFile; fileRef = 2111111111111111111111E /* ChatViewModel.swift */; };
		1111111111111111111111F /* AuthManager.swift in Sources */ = {isa = PBXBuildFile; fileRef = 2111111111111111111111F /* AuthManager.swift */; };
		11111111111111111111120 /* GoogleService-Info.plist in Resources */ = {isa = PBXBuildFile; fileRef = 21111111111111111111120 /* GoogleService-Info.plist */; };
		11111111111111111111121 /* User.swift in Sources */ = {isa = PBXBuildFile; fileRef = 21111111111111111111123 /* User.swift */; };
		11111111111111111111122 /* ProfileCompletionView.swift in Sources */ = {isa = PBXBuildFile; fileRef = 21111111111111111111124 /* ProfileCompletionView.swift */; };
		B6B265862EF964390062B085 /* FirebaseAuth in Frameworks */ = {isa = PBXBuildFile; productRef = B6B265852EF964390062B085 /* FirebaseAuth */; };
		B6B265882EF964390062B085 /* FirebaseCore in Frameworks */ = {isa = PBXBuildFile; productRef = B6B265872EF964390062B085 /* FirebaseCore */; };
		B6B265892EF964390062B086 /* GoogleSignIn in Frameworks */ = {isa = PBXBuildFile; productRef = B6B2658A2EF964390062B086 /* GoogleSignIn */; };
		B6B2658B2EF964390062B087 /* GoogleSignInSwift in Frameworks */ = {isa = PBXBuildFile; productRef = B6B2658C2EF964390062B087 /* GoogleSignInSwift */; };
		B6B2658E2EF964390062B089 /* FirebaseFirestore in Frameworks */ = {isa = PBXBuildFile; productRef = B6B2658F2EF964390062B089 /* FirebaseFirestore */; };
/* End PBXBuildFile section */

/* Begin PBXFileReference section */
		21111111111111111111111 /* YesilAIApp.swift */ = {isa = PBXFileReference; lastKnownFileType = sourcecode.swift; path = YesilAIApp.swift; sourceTree = "<group>"; };
		21111111111111111111112 /* ContentView.swift */ = {isa = PBXFileReference; lastKnownFileType = sourcecode.swift; path = ContentView.swift; sourceTree = "<group>"; };
		21111111111111111111113 /* Assets.xcassets */ = {isa = PBXFileReference; lastKnownFileType = folder.assetcatalog; path = Assets.xcassets; sourceTree = "<group>"; };
		21111111111111111111114 /* LoginView.swift */ = {isa = PBXFileReference; lastKnownFileType = sourcecode.swift; path = LoginView.swift; sourceTree = "<group>"; };
		21111111111111111111115 /* RegisterView.swift */ = {isa = PBXFileReference; lastKnownFileType = sourcecode.swift; path = RegisterView.swift; sourceTree = "<group>"; };
		21111111111111111111116 /* MainTabView.swift */ = {isa = PBXFileReference; lastKnownFileType = sourcecode.swift; path = MainTabView.swift; sourceTree = "<group>"; };
		21111111111111111111117 /* ChatView.swift */ = {isa = PBXFileReference; lastKnownFileType = sourcecode.swift; path = ChatView.swift; sourceTree = "<group>"; };
		21111111111111111111118 /* ProfileView.swift */ = {isa = PBXFileReference; lastKnownFileType = sourcecode.swift; path = ProfileView.swift; sourceTree = "<group>"; };
		21111111111111111111119 /* SettingsView.swift */ = {isa = PBXFileReference; lastKnownFileType = sourcecode.swift; path = SettingsView.swift; sourceTree = "<group>"; };
		2111111111111111111111A /* Theme.swift */ = {isa = PBXFileReference; lastKnownFileType = sourcecode.swift; path = Theme.swift; sourceTree = "<group>"; };
		2111111111111111111111B /* ChatMessage.swift */ = {isa = PBXFileReference; lastKnownFileType = sourcecode.swift; path = ChatMessage.swift; sourceTree = "<group>"; };
		2111111111111111111111C /* SessionManager.swift */ = {isa = PBXFileReference; lastKnownFileType = sourcecode.swift; path = SessionManager.swift; sourceTree = "<group>"; };
		2111111111111111111111D /* ChatAPIService.swift */ = {isa = PBXFileReference; lastKnownFileType = sourcecode.swift; path = ChatAPIService.swift; sourceTree = "<group>"; };
		2111111111111111111111E /* ChatViewModel.swift */ = {isa = PBXFileReference; lastKnownFileType = sourcecode.swift; path = ChatViewModel.swift; sourceTree = "<group>"; };
		2111111111111111111111F /* AuthManager.swift */ = {isa = PBXFileReference; lastKnownFileType = sourcecode.swift; path = AuthManager.swift; sourceTree = "<group>"; };
		21111111111111111111120 /* GoogleService-Info.plist */ = {isa = PBXFileReference; lastKnownFileType = text.plist.xml; path = "GoogleService-Info.plist"; sourceTree = "<group>"; };
		21111111111111111111121 /* Info.plist */ = {isa = PBXFileReference; lastKnownFileType = text.plist.xml; path = Info.plist; sourceTree = "<group>"; };
		21111111111111111111122 /* YesilAI.entitlements */ = {isa = PBXFileReference; lastKnownFileType = text.plist.entitlements; path = YesilAI.entitlements; sourceTree = "<group>"; };
		21111111111111111111123 /* User.swift */ = {isa = PBXFileReference; lastKnownFileType = sourcecode.swift; path = User.swift; sourceTree = "<group>"; };
		21111111111111111111124 /* ProfileCompletionView.swift */ = {isa = PBXFileReference; lastKnownFileType = sourcecode.swift; path = ProfileCompletionView.swift; sourceTree = "<group>"; };
		31111111111111111111111 /* YesilAI.app */ = {isa = PBXFileReference; explicitFileType = wrapper.application; includeInIndex = 0; path = YesilAI.app; sourceTree = BUILT_PRODUCTS_DIR; };
/* End PBXFileReference section */

/* Begin PBXFrameworksBuildPhase section */
		41111111111111111111111 /* Frameworks */ = {
			isa = PBXFrameworksBuildPhase;
			buildActionMask = 2147483647;
			files = (
				B6B265882EF964390062B085 /* FirebaseCore in Frameworks */,
				B6B265862EF964390062B085 /* FirebaseAuth in Frameworks */,
				B6B2658E2EF964390062B089 /* FirebaseFirestore in Frameworks */,
				B6B265892EF964390062B086 /* GoogleSignIn in Frameworks */,
				B6B2658B2EF964390062B087 /* GoogleSignInSwift in Frameworks */,
			);
			runOnlyForDeploymentPostprocessing = 0;
		};
/* End PBXFrameworksBuildPhase section */

/* Begin PBXGroup section */
		51111111111111111111111 = {
			isa = PBXGroup;
			children = (
				61111111111111111111111 /* YesilAI */,
				71111111111111111111111 /* Products */,
			);
			sourceTree = "<group>";
		};
		61111111111111111111111 /* YesilAI */ = {
			isa = PBXGroup;
			children = (
				21111111111111111111111 /* YesilAIApp.swift */,
				21111111111111111111112 /* ContentView.swift */,
				81111111111111111111111 /* Views */,
				91111111111111111111111 /* ViewModels */,
				A1111111111111111111111 /* Models */,
				B1111111111111111111111 /* Services */,
				C1111111111111111111111 /* Utilities */,
				21111111111111111111113 /* Assets.xcassets */,
				21111111111111111111120 /* GoogleService-Info.plist */,
				21111111111111111111121 /* Info.plist */,
				21111111111111111111122 /* YesilAI.entitlements */,
			);
			path = YesilAI;
			sourceTree = "<group>";
		};
		71111111111111111111111 /* Products */ = {
			isa = PBXGroup;
			children = (
				31111111111111111111111 /* YesilAI.app */,
			);
			name = Products;
			sourceTree = "<group>";
		};
		81111111111111111111111 /* Views */ = {
			isa = PBXGroup;
			children = (
				21111111111111111111114 /* LoginView.swift */,
				21111111111111111111115 /* RegisterView.swift */,
				21111111111111111111116 /* MainTabView.swift */,
				21111111111111111111117 /* ChatView.swift */,
				21111111111111111111118 /* ProfileView.swift */,
				21111111111111111111119 /* SettingsView.swift */,
				21111111111111111111124 /* ProfileCompletionView.swift */,
			);
			path = Views;
			sourceTree = "<group>";
		};
		91111111111111111111111 /* ViewModels */ = {
			isa = PBXGroup;
			children = (
				2111111111111111111111E /* ChatViewModel.swift */,
			);
			path = ViewModels;
			sourceTree = "<group>";
		};
		A1111111111111111111111 /* Models */ = {
			isa = PBXGroup;
			children = (
				2111111111111111111111B /* ChatMessage.swift */,
				21111111111111111111123 /* User.swift */,
			);
			path = Models;
			sourceTree = "<group>";
		};
		B1111111111111111111111 /* Services */ = {
			isa = PBXGroup;
			children = (
				2111111111111111111111D /* ChatAPIService.swift */,
			);
			path = Services;
			sourceTree = "<group>";
		};
		C1111111111111111111111 /* Utilities */ = {
			isa = PBXGroup;
			children = (
				2111111111111111111111F /* AuthManager.swift */,
				2111111111111111111111A /* Theme.swift */,
				2111111111111111111111C /* SessionManager.swift */,
			);
			path = Utilities;
			sourceTree = "<group>";
		};
/* End PBXGroup section */

/* Begin PBXNativeTarget section */
		D1111111111111111111111 /* YesilAI */ = {
			isa = PBXNativeTarget;
			buildConfigurationList = E1111111111111111111111 /* Build configuration list for PBXNativeTarget "YesilAI" */;
			buildPhases = (
				F1111111111111111111111 /* Sources */,
				41111111111111111111111 /* Frameworks */,
				G1111111111111111111111 /* Resources */,
			);
			buildRules = (
			);
			dependencies = (
			);
			name = YesilAI;
			productName = YesilAI;
			productReference = 31111111111111111111111 /* YesilAI.app */;
			productType = "com.apple.product-type.application";
		};
/* End PBXNativeTarget section */

/* Begin PBXProject section */
		H1111111111111111111111 /* Project object */ = {
			isa = PBXProject;
			attributes = {
				BuildIndependentTargetsInParallel = 1;
				LastSwiftUpdateCheck = 1500;
				LastUpgradeCheck = 1500;
				TargetAttributes = {
					D1111111111111111111111 = {
						CreatedOnToolsVersion = 15.0;
					};
				};
			};
			buildConfigurationList = I1111111111111111111111 /* Build configuration list for PBXProject "YesilAI" */;
			compatibilityVersion = "Xcode 14.0";
			developmentRegion = en;
			hasScannedForEncodings = 0;
			knownRegions = (
				en,
				Base,
				tr,
			);
			mainGroup = 51111111111111111111111;
			packageReferences = (
				B6B265842EF964390062B085 /* XCRemoteSwiftPackageReference "firebase-ios-sdk" */,
				B6B2658D2EF964390062B088 /* XCRemoteSwiftPackageReference "GoogleSignIn-iOS" */,
			);
			productRefGroup = 71111111111111111111111 /* Products */;
			projectDirPath = "";
			projectRoot = "";
			targets = (
				D1111111111111111111111 /* YesilAI */,
			);
		};
/* End PBXProject section */

/* Begin PBXResourcesBuildPhase section */
		G1111111111111111111111 /* Resources */ = {
			isa = PBXResourcesBuildPhase;
			buildActionMask = 2147483647;
			files = (
				11111111111111111111113 /* Assets.xcassets in Resources */,
				11111111111111111111120 /* GoogleService-Info.plist in Resources */,
			);
			runOnlyForDeploymentPostprocessing = 0;
		};
/* End PBXResourcesBuildPhase section */

/* Begin PBXSourcesBuildPhase section */
		F1111111111111111111111 /* Sources */ = {
			isa = PBXSourcesBuildPhase;
			buildActionMask = 2147483647;
			files = (
				11111111111111111111111 /* YesilAIApp.swift in Sources */,
				11111111111111111111112 /* ContentView.swift in Sources */,
				11111111111111111111114 /* LoginView.swift in Sources */,
				11111111111111111111115 /* RegisterView.swift in Sources */,
				11111111111111111111116 /* MainTabView.swift in Sources */,
				11111111111111111111117 /* ChatView.swift in Sources */,
				11111111111111111111118 /* ProfileView.swift in Sources */,
				11111111111111111111119 /* SettingsView.swift in Sources */,
				1111111111111111111111A /* Theme.swift in Sources */,
				1111111111111111111111B /* ChatMessage.swift in Sources */,
				1111111111111111111111C /* SessionManager.swift in Sources */,
				1111111111111111111111D /* ChatAPIService.swift in Sources */,
				1111111111111111111111E /* ChatViewModel.swift in Sources */,
				1111111111111111111111F /* AuthManager.swift in Sources */,
				11111111111111111111121 /* User.swift in Sources */,
				11111111111111111111122 /* ProfileCompletionView.swift in Sources */,
			);
			runOnlyForDeploymentPostprocessing = 0;
		};
/* End PBXSourcesBuildPhase section */

/* Begin XCBuildConfiguration section */
		J1111111111111111111111 /* Debug */ = {
			isa = XCBuildConfiguration;
			buildSettings = {
				ALWAYS_SEARCH_USER_PATHS = NO;
				ASSETCATALOG_COMPILER_GENERATE_SWIFT_ASSET_SYMBOL_EXTENSIONS = YES;
				CLANG_ANALYZER_NONNULL = YES;
				CLANG_ANALYZER_NUMBER_OBJECT_CONVERSION = YES_AGGRESSIVE;
				CLANG_CXX_LANGUAGE_STANDARD = "gnu++20";
				CLANG_ENABLE_MODULES = YES;
				CLANG_ENABLE_OBJC_ARC = YES;
				CLANG_ENABLE_OBJC_WEAK = YES;
				CLANG_WARN_BLOCK_CAPTURE_AUTORELEASING = YES;
				CLANG_WARN_BOOL_CONVERSION = YES;
				CLANG_WARN_COMMA = YES;
				CLANG_WARN_CONSTANT_CONVERSION = YES;
				CLANG_WARN_DEPRECATED_OBJC_IMPLEMENTATIONS = YES;
				CLANG_WARN_DIRECT_OBJC_ISA_USAGE = YES_ERROR;
				CLANG_WARN_DOCUMENTATION_COMMENTS = YES;
				CLANG_WARN_EMPTY_BODY = YES;
				CLANG_WARN_ENUM_CONVERSION = YES;
				CLANG_WARN_INFINITE_RECURSION = YES;
				CLANG_WARN_INT_CONVERSION = YES;
				CLANG_WARN_NON_LITERAL_NULL_CONVERSION = YES;
				CLANG_WARN_OBJC_IMPLICIT_RETAIN_SELF = YES;
				CLANG_WARN_OBJC_LITERAL_CONVERSION = YES;
				CLANG_WARN_OBJC_ROOT_CLASS = YES_ERROR;
				CLANG_WARN_QUOTED_INCLUDE_IN_FRAMEWORK_HEADER = YES;
				CLANG_WARN_RANGE_LOOP_ANALYSIS = YES;
				CLANG_WARN_STRICT_PROTOTYPES = YES;
				CLANG_WARN_SUSPICIOUS_MOVE = YES;
				CLANG_WARN_UNGUARDED_AVAILABILITY = YES_AGGRESSIVE;
				CLANG_WARN_UNREACHABLE_CODE = YES;
				CLANG_WARN__DUPLICATE_METHOD_MATCH = YES;
				COPY_PHASE_STRIP = NO;
				DEBUG_INFORMATION_FORMAT = dwarf;
				ENABLE_STRICT_OBJC_MSGSEND = YES;
				ENABLE_TESTABILITY = YES;
				ENABLE_USER_SCRIPT_SANDBOXING = YES;
				GCC_C_LANGUAGE_STANDARD = gnu17;
				GCC_DYNAMIC_NO_PIC = NO;
				GCC_NO_COMMON_BLOCKS = YES;
				GCC_OPTIMIZATION_LEVEL = 0;
				GCC_PREPROCESSOR_DEFINITIONS = (
					"DEBUG=1",
					"$(inherited)",
				);
				GCC_WARN_64_TO_32_BIT_CONVERSION = YES;
				GCC_WARN_ABOUT_RETURN_TYPE = YES_ERROR;
				GCC_WARN_UNDECLARED_SELECTOR = YES;
				GCC_WARN_UNINITIALIZED_AUTOS = YES_AGGRESSIVE;
				GCC_WARN_UNUSED_FUNCTION = YES;
				GCC_WARN_UNUSED_VARIABLE = YES;
				IPHONEOS_DEPLOYMENT_TARGET = 17.0;
				LOCALIZATION_PREFERS_STRING_CATALOGS = YES;
				MTL_ENABLE_DEBUG_INFO = INCLUDE_SOURCE;
				MTL_FAST_MATH = YES;
				ONLY_ACTIVE_ARCH = YES;
				SDKROOT = iphoneos;
				SWIFT_ACTIVE_COMPILATION_CONDITIONS = "DEBUG $(inherited)";
				SWIFT_OPTIMIZATION_LEVEL = "-Onone";
			};
			name = Debug;
		};
		K1111111111111111111111 /* Release */ = {
			isa = XCBuildConfiguration;
			buildSettings = {
				ALWAYS_SEARCH_USER_PATHS = NO;
				ASSETCATALOG_COMPILER_GENERATE_SWIFT_ASSET_SYMBOL_EXTENSIONS = YES;
				CLANG_ANALYZER_NONNULL = YES;
				CLANG_ANALYZER_NUMBER_OBJECT_CONVERSION = YES_AGGRESSIVE;
				CLANG_CXX_LANGUAGE_STANDARD = "gnu++20";
				CLANG_ENABLE_MODULES = YES;
				CLANG_ENABLE_OBJC_ARC = YES;
				CLANG_ENABLE_OBJC_WEAK = YES;
				CLANG_WARN_BLOCK_CAPTURE_AUTORELEASING = YES;
				CLANG_WARN_BOOL_CONVERSION = YES;
				CLANG_WARN_COMMA = YES;
				CLANG_WARN_CONSTANT_CONVERSION = YES;
				CLANG_WARN_DEPRECATED_OBJC_IMPLEMENTATIONS = YES;
				CLANG_WARN_DIRECT_OBJC_ISA_USAGE = YES_ERROR;
				CLANG_WARN_DOCUMENTATION_COMMENTS = YES;
				CLANG_WARN_EMPTY_BODY = YES;
				CLANG_WARN_ENUM_CONVERSION = YES;
				CLANG_WARN_INFINITE_RECURSION = YES;
				CLANG_WARN_INT_CONVERSION = YES;
				CLANG_WARN_NON_LITERAL_NULL_CONVERSION = YES;
				CLANG_WARN_OBJC_IMPLICIT_RETAIN_SELF = YES;
				CLANG_WARN_OBJC_LITERAL_CONVERSION = YES;
				CLANG_WARN_OBJC_ROOT_CLASS = YES_ERROR;
				CLANG_WARN_QUOTED_INCLUDE_IN_FRAMEWORK_HEADER = YES;
				CLANG_WARN_RANGE_LOOP_ANALYSIS = YES;
				CLANG_WARN_STRICT_PROTOTYPES = YES;
				CLANG_WARN_SUSPICIOUS_MOVE = YES;
				CLANG_WARN_UNGUARDED_AVAILABILITY = YES_AGGRESSIVE;
				CLANG_WARN_UNREACHABLE_CODE = YES;
				CLANG_WARN__DUPLICATE_METHOD_MATCH = YES;
				COPY_PHASE_STRIP = NO;
				DEBUG_INFORMATION_FORMAT = "dwarf-with-dsym";
				ENABLE_NS_ASSERTIONS = NO;
				ENABLE_STRICT_OBJC_MSGSEND = YES;
				ENABLE_USER_SCRIPT_SANDBOXING = YES;
				GCC_C_LANGUAGE_STANDARD = gnu17;
				GCC_NO_COMMON_BLOCKS = YES;
				GCC_WARN_64_TO_32_BIT_CONVERSION = YES;
				GCC_WARN_ABOUT_RETURN_TYPE = YES_ERROR;
				GCC_WARN_UNDECLARED_SELECTOR = YES;
				GCC_WARN_UNINITIALIZED_AUTOS = YES_AGGRESSIVE;
				GCC_WARN_UNUSED_FUNCTION = YES;
				GCC_WARN_UNUSED_VARIABLE = YES;
				IPHONEOS_DEPLOYMENT_TARGET = 17.0;
				LOCALIZATION_PREFERS_STRING_CATALOGS = YES;
				MTL_ENABLE_DEBUG_INFO = NO;
				MTL_FAST_MATH = YES;
				SDKROOT = iphoneos;
				SWIFT_COMPILATION_MODE = wholemodule;
				VALIDATE_PRODUCT = YES;
			};
			name = Release;
		};
		L1111111111111111111111 /* Debug */ = {
			isa = XCBuildConfiguration;
			buildSettings = {
				ASSETCATALOG_COMPILER_APPICON_NAME = AppIcon;
				ASSETCATALOG_COMPILER_GLOBAL_ACCENT_COLOR_NAME = AccentColor;
				ASSETCATALOG_COMPILER_INCLUDE_ALL_APPICON_ASSETS = YES;
				CODE_SIGN_ENTITLEMENTS = YesilAI/YesilAI.entitlements;
				CODE_SIGN_STYLE = Automatic;
				CURRENT_PROJECT_VERSION = 1;
				DEVELOPMENT_ASSET_PATHS = "";
				DEVELOPMENT_TEAM = G7YN588RY7;
				ENABLE_PREVIEWS = YES;
				GENERATE_INFOPLIST_FILE = YES;
				INFOPLIST_FILE = YesilAI/Info.plist;
				INFOPLIST_KEY_CFBundleDisplayName = "YeşilAI";
				INFOPLIST_KEY_LSApplicationCategoryType = "public.app-category.lifestyle";
				INFOPLIST_KEY_UIApplicationSceneManifest_Generation = YES;
				INFOPLIST_KEY_UIApplicationSupportsIndirectInputEvents = YES;
				INFOPLIST_KEY_UILaunchScreen_Generation = YES;
				INFOPLIST_KEY_UISupportedInterfaceOrientations_iPad = "UIInterfaceOrientationPortrait UIInterfaceOrientationPortraitUpsideDown UIInterfaceOrientationLandscapeLeft UIInterfaceOrientationLandscapeRight";
				INFOPLIST_KEY_UISupportedInterfaceOrientations_iPhone = "UIInterfaceOrientationPortrait UIInterfaceOrientationLandscapeLeft UIInterfaceOrientationLandscapeRight";
				LD_RUNPATH_SEARCH_PATHS = (
					"$(inherited)",
					"@executable_path/Frameworks",
				);
				MARKETING_VERSION = 1.0;
				PRODUCT_BUNDLE_IDENTIFIER = com.yesilai.app;
				PRODUCT_NAME = "$(TARGET_NAME)";
				SWIFT_EMIT_LOC_STRINGS = YES;
				SWIFT_VERSION = 5.0;
				TARGETED_DEVICE_FAMILY = "1,2";
			};
			name = Debug;
		};
		M1111111111111111111111 /* Release */ = {
			isa = XCBuildConfiguration;
			buildSettings = {
				ASSETCATALOG_COMPILER_APPICON_NAME = AppIcon;
				ASSETCATALOG_COMPILER_GLOBAL_ACCENT_COLOR_NAME = AccentColor;
				ASSETCATALOG_COMPILER_INCLUDE_ALL_APPICON_ASSETS = YES;
				CODE_SIGN_ENTITLEMENTS = YesilAI/YesilAI.entitlements;
				CODE_SIGN_STYLE = Automatic;
				CURRENT_PROJECT_VERSION = 1;
				DEVELOPMENT_ASSET_PATHS = "";
				DEVELOPMENT_TEAM = G7YN588RY7;
				ENABLE_PREVIEWS = YES;
				GENERATE_INFOPLIST_FILE = YES;
				INFOPLIST_FILE = YesilAI/Info.plist;
				INFOPLIST_KEY_CFBundleDisplayName = "YeşilAI";
				INFOPLIST_KEY_LSApplicationCategoryType = "public.app-category.lifestyle";
				INFOPLIST_KEY_UIApplicationSceneManifest_Generation = YES;
				INFOPLIST_KEY_UIApplicationSupportsIndirectInputEvents = YES;
				INFOPLIST_KEY_UILaunchScreen_Generation = YES;
				INFOPLIST_KEY_UISupportedInterfaceOrientations_iPad = "UIInterfaceOrientationPortrait UIInterfaceOrientationPortraitUpsideDown UIInterfaceOrientationLandscapeLeft UIInterfaceOrientationLandscapeRight";
				INFOPLIST_KEY_UISupportedInterfaceOrientations_iPhone = "UIInterfaceOrientationPortrait UIInterfaceOrientationLandscapeLeft UIInterfaceOrientationLandscapeRight";
				LD_RUNPATH_SEARCH_PATHS = (
					"$(inherited)",
					"@executable_path/Frameworks",
				);
				MARKETING_VERSION = 1.0;
				PRODUCT_BUNDLE_IDENTIFIER = com.yesilai.app;
				PRODUCT_NAME = "$(TARGET_NAME)";
				SWIFT_EMIT_LOC_STRINGS = YES;
				SWIFT_VERSION = 5.0;
				TARGETED_DEVICE_FAMILY = "1,2";
			};
			name = Release;
		};
/* End XCBuildConfiguration section */

/* Begin XCConfigurationList section */
		E1111111111111111111111 /* Build configuration list for PBXNativeTarget "YesilAI" */ = {
			isa = XCConfigurationList;
			buildConfigurations = (
				L1111111111111111111111 /* Debug */,
				M1111111111111111111111 /* Release */,
			);
			defaultConfigurationIsVisible = 0;
			defaultConfigurationName = Release;
		};
		I1111111111111111111111 /* Build configuration list for PBXProject "YesilAI" */ = {
			isa = XCConfigurationList;
			buildConfigurations = (
				J1111111111111111111111 /* Debug */,
				K1111111111111111111111 /* Release */,
			);
			defaultConfigurationIsVisible = 0;
			defaultConfigurationName = Release;
		};
/* End XCConfigurationList section */

/* Begin XCRemoteSwiftPackageReference section */
		B6B265842EF964390062B085 /* XCRemoteSwiftPackageReference "firebase-ios-sdk" */ = {
			isa = XCRemoteSwiftPackageReference;
			repositoryURL = "https://github.com/firebase/firebase-ios-sdk.git";
			requirement = {
				kind = upToNextMajorVersion;
				minimumVersion = 12.7.0;
			};
		};
		B6B2658D2EF964390062B088 /* XCRemoteSwiftPackageReference "GoogleSignIn-iOS" */ = {
			isa = XCRemoteSwiftPackageReference;
			repositoryURL = "https://github.com/google/GoogleSignIn-iOS.git";
			requirement = {
				kind = upToNextMajorVersion;
				minimumVersion = 8.0.0;
			};
		};
/* End XCRemoteSwiftPackageReference section */

/* Begin XCSwiftPackageProductDependency section */
		B6B265852EF964390062B085 /* FirebaseAuth */ = {
			isa = XCSwiftPackageProductDependency;
			package = B6B265842EF964390062B085 /* XCRemoteSwiftPackageReference "firebase-ios-sdk" */;
			productName = FirebaseAuth;
		};
		B6B265872EF964390062B085 /* FirebaseCore */ = {
			isa = XCSwiftPackageProductDependency;
			package = B6B265842EF964390062B085 /* XCRemoteSwiftPackageReference "firebase-ios-sdk" */;
			productName = FirebaseCore;
		};
		B6B2658A2EF964390062B086 /* GoogleSignIn */ = {
			isa = XCSwiftPackageProductDependency;
			package = B6B2658D2EF964390062B088 /* XCRemoteSwiftPackageReference "GoogleSignIn-iOS" */;
			productName = GoogleSignIn;
		};
		B6B2658C2EF964390062B087 /* GoogleSignInSwift */ = {
			isa = XCSwiftPackageProductDependency;
			package = B6B2658D2EF964390062B088 /* XCRemoteSwiftPackageReference "GoogleSignIn-iOS" */;
			productName = GoogleSignInSwift;
		};
		B6B2658F2EF964390062B089 /* FirebaseFirestore */ = {
			isa = XCSwiftPackageProductDependency;
			package = B6B265842EF964390062B085 /* XCRemoteSwiftPackageReference "firebase-ios-sdk" */;
			productName = FirebaseFirestore;
		};
/* End XCSwiftPackageProductDependency section */
	};
	rootObject = H1111111111111111111111 /* Project object */;
}
